
Microsoft Visual Studio Solution File, Format Version 12.00
Project("{FAE04EC0-301F-11D3-BF4B-00C04F79EFBC}") = "AttendanceStudent", "AttendanceStudent\AttendanceStudent.csproj", "{84F2FC57-41C7-4804-B0D9-B14FBF00057D}"
EndProject
Project("{FAE04EC0-301F-11D3-BF4B-00C04F79EFBC}") = "AdminApp", "AdminApp\AdminApp.csproj", "{5BD4E9B4-F034-4DCB-B589-842E5E3E618C}"
EndProject
Global
	GlobalSection(SolutionConfigurationPlatforms) = preSolution
		Debug|Any CPU = Debug|Any CPU
		Release|Any CPU = Release|Any CPU
	EndGlobalSection
	GlobalSection(ProjectConfigurationPlatforms) = postSolution
		{84F2FC57-41C7-4804-B0D9-B14FBF00057D}.Debug|Any CPU.ActiveCfg = Debug|Any CPU
		{84F2FC57-41C7-4804-B0D9-B14FBF00057D}.Debug|Any CPU.Build.0 = Debug|Any CPU
		{84F2FC57-41C7-4804-B0D9-B14FBF00057D}.Release|Any CPU.ActiveCfg = Release|Any CPU
		{84F2FC57-41C7-4804-B0D9-B14FBF00057D}.Release|Any CPU.Build.0 = Release|Any CPU
		{5BD4E9B4-F034-4DCB-B589-842E5E3E618C}.Debug|Any CPU.ActiveCfg = Debug|Any CPU
		{5BD4E9B4-F034-4DCB-B589-842E5E3E618C}.Debug|Any CPU.Build.0 = Debug|Any CPU
		{5BD4E9B4-F034-4DCB-B589-842E5E3E618C}.Release|Any CPU.ActiveCfg = Release|Any CPU
		{5BD4E9B4-F034-4DCB-B589-842E5E3E618C}.Release|Any CPU.Build.0 = Release|Any CPU
	EndGlobalSection
EndGlobal
